
Microsoft Visual Studio Solution File, Format Version 12.00
# Visual Studio Version 17
VisualStudioVersion = 17.5.002.0
MinimumVisualStudioVersion = 10.0.40219.1
Project("{2150E333-8FDC-42A3-9474-1A3956D46DE8}") = "src", "src", "{BCA7F7BC-68D1-4ED6-822B-C5B5A3948618}"
EndProject
Project("{2150E333-8FDC-42A3-9474-1A3956D46DE8}") = "Unit-1", "Unit-1", "{CC96F22A-8A7C-4990-9192-EDFA4DF6A03A}"
EndProject
Project("{9A19103F-16F7-4668-BE54-9A1E7A4F7556}") = "WinTail", "src\Unit-1\DoThis\WinTail.csproj", "{0B73A288-1C46-416B-8EC6-30155F2CEED6}"
EndProject
Project("{2150E333-8FDC-42A3-9474-1A3956D46DE8}") = "Unit-2", "Unit-2", "{18C7B0FF-752F-46D3-A8F7-2BDD445D4F7B}"
EndProject
Project("{9A19103F-16F7-4668-BE54-9A1E7A4F7556}") = "ChartApp", "src\Unit-2\DoThis\ChartApp.csproj", "{D8D6B3F1-C955-415D-B9D7-482D6319172B}"
EndProject
Project("{2150E333-8FDC-42A3-9474-1A3956D46DE8}") = "Unit-3", "Unit-3", "{1342FEED-B490-4AF0-810E-9D172D860CF2}"
EndProject
Project("{9A19103F-16F7-4668-BE54-9A1E7A4F7556}") = "GithubActors", "src\Unit-3\DoThis\GithubActors.csproj", "{5557F86D-3621-41D8-BE59-478778DC0918}"
EndProject
Project("{2150E333-8FDC-42A3-9474-1A3956D46DE8}") = "lesson1", "lesson1", "{6BCD4EC9-44C3-4E7F-8F73-12DB633ECF01}"
EndProject
Project("{9A19103F-16F7-4668-BE54-9A1E7A4F7556}") = "WinTail", "src\Unit-1\lesson1\Completed\WinTail.csproj", "{E3DA9C3F-E696-450C-A41A-454BE2FA1767}"
EndProject
Project("{2150E333-8FDC-42A3-9474-1A3956D46DE8}") = "lesson2", "lesson2", "{BB914780-EDE8-4946-A4A1-1FC278B2AA3C}"
EndProject
Project("{9A19103F-16F7-4668-BE54-9A1E7A4F7556}") = "WinTail", "src\Unit-1\lesson2\Completed\WinTail.csproj", "{4A1F784C-B912-461B-9340-19925179EA71}"
EndProject
Project("{2150E333-8FDC-42A3-9474-1A3956D46DE8}") = "lesson3", "lesson3", "{A12CABA2-60FC-4F3F-8162-A61D8ACCE1B0}"
EndProject
Project("{9A19103F-16F7-4668-BE54-9A1E7A4F7556}") = "WinTail", "src\Unit-1\lesson3\Completed\WinTail.csproj", "{0597FBC1-BCB7-48FB-ACD7-DA7A1745112C}"
EndProject
Project("{2150E333-8FDC-42A3-9474-1A3956D46DE8}") = "lesson4", "lesson4", "{F6ACF1B7-93BB-4CB1-B9E5-B97FF139738F}"
EndProject
Project("{9A19103F-16F7-4668-BE54-9A1E7A4F7556}") = "WinTail", "src\Unit-1\lesson4\Completed\WinTail.csproj", "{5FA56F44-B356-4124-8BC4-73DE49DEBC4B}"
EndProject
Project("{2150E333-8FDC-42A3-9474-1A3956D46DE8}") = "lesson5", "lesson5", "{A5E8CDD1-F25F-4597-B872-97B2675CDF62}"
EndProject
Project("{9A19103F-16F7-4668-BE54-9A1E7A4F7556}") = "WinTail", "src\Unit-1\lesson5\Completed\WinTail.csproj", "{316E8747-CBF4-4A71-94C4-67398075238D}"
EndProject
Project("{2150E333-8FDC-42A3-9474-1A3956D46DE8}") = "lesson6", "lesson6", "{D2B58239-3056-49D2-B16B-C00010277069}"
EndProject
Project("{9A19103F-16F7-4668-BE54-9A1E7A4F7556}") = "WinTail", "src\Unit-1\lesson6\Completed\WinTail.csproj", "{AA88646E-9B07-496F-9660-0DB687AF01D8}"
EndProject
Project("{2150E333-8FDC-42A3-9474-1A3956D46DE8}") = "lesson1", "lesson1", "{64A2B66F-FD68-4200-9E28-B4287CB800A6}"
EndProject
Project("{9A19103F-16F7-4668-BE54-9A1E7A4F7556}") = "ChartApp", "src\Unit-2\lesson1\Completed\ChartApp.csproj", "{A4977D53-A0EA-4BAC-91B6-11B4DA7812AA}"
EndProject
Project("{2150E333-8FDC-42A3-9474-1A3956D46DE8}") = "lesson2", "lesson2", "{6BF7F1F6-83AE-41BD-812E-4421DA8AAC24}"
EndProject
Project("{9A19103F-16F7-4668-BE54-9A1E7A4F7556}") = "ChartApp", "src\Unit-2\lesson2\Completed\ChartApp.csproj", "{957C149D-48BD-41B4-B55A-B361E2CA323B}"
EndProject
Project("{2150E333-8FDC-42A3-9474-1A3956D46DE8}") = "lesson3", "lesson3", "{FAD23349-B1C2-41EE-BFD6-B83EA8D46BE1}"
EndProject
Project("{9A19103F-16F7-4668-BE54-9A1E7A4F7556}") = "ChartApp", "src\Unit-2\lesson3\Completed\ChartApp.csproj", "{ACE18CC3-AB89-487F-8456-9C89682F583E}"
EndProject
Project("{2150E333-8FDC-42A3-9474-1A3956D46DE8}") = "lesson4", "lesson4", "{579CE090-3EE3-4959-9ECB-F26BBB1CC530}"
EndProject
Project("{9A19103F-16F7-4668-BE54-9A1E7A4F7556}") = "ChartApp", "src\Unit-2\lesson4\Completed\ChartApp.csproj", "{60561C3F-52D8-4AD0-ABA3-2945B6B18C1F}"
EndProject
Project("{2150E333-8FDC-42A3-9474-1A3956D46DE8}") = "lesson5", "lesson5", "{494823CF-EB2E-4F33-962D-8CCF7521F2C0}"
EndProject
Project("{9A19103F-16F7-4668-BE54-9A1E7A4F7556}") = "ChartApp", "src\Unit-2\lesson5\Completed\ChartApp.csproj", "{F992A0AB-532B-4AFC-8C7E-EFD9976FA778}"
EndProject
Project("{2150E333-8FDC-42A3-9474-1A3956D46DE8}") = "lesson1", "lesson1", "{04DD3849-C1BA-4D01-BEE8-ACB993C612D8}"
EndProject
Project("{9A19103F-16F7-4668-BE54-9A1E7A4F7556}") = "GithubActors", "src\Unit-3\lesson1\Completed\GithubActors.csproj", "{8C29D00E-45A6-4692-B3D5-E507325A7344}"
EndProject
Project("{2150E333-8FDC-42A3-9474-1A3956D46DE8}") = "lesson2", "lesson2", "{D76C2D37-1AA0-4C3D-996F-2D366FBB7691}"
EndProject
Project("{9A19103F-16F7-4668-BE54-9A1E7A4F7556}") = "GithubActors", "src\Unit-3\lesson2\Completed\GithubActors.csproj", "{F0CB623F-D4B4-40E8-846A-51C799C69E97}"
EndProject
Project("{2150E333-8FDC-42A3-9474-1A3956D46DE8}") = "lesson3", "lesson3", "{63290FB4-1563-4086-937A-9686B1BCD7DA}"
EndProject
Project("{9A19103F-16F7-4668-BE54-9A1E7A4F7556}") = "GithubActors", "src\Unit-3\lesson3\Completed\GithubActors.csproj", "{AF057072-8506-4C7E-8E40-1A6FEBC1C045}"
EndProject
Project("{2150E333-8FDC-42A3-9474-1A3956D46DE8}") = "lesson4", "lesson4", "{05537943-E166-4973-B506-E7A71030B57C}"
EndProject
Project("{9A19103F-16F7-4668-BE54-9A1E7A4F7556}") = "GithubActors", "src\Unit-3\lesson4\Completed\GithubActors.csproj", "{2C7D594F-D69B-4531-880F-CB1011A3C10D}"
EndProject
Project("{2150E333-8FDC-42A3-9474-1A3956D46DE8}") = "lesson5", "lesson5", "{267F83B6-C9FB-4F79-9D96-16C33D458C4C}"
EndProject
Project("{9A19103F-16F7-4668-BE54-9A1E7A4F7556}") = "GithubActors", "src\Unit-3\lesson5\Completed\GithubActors.csproj", "{07A7C9EA-16F9-40C9-83BC-3776FDA413CA}"
EndProject
Global
	GlobalSection(SolutionConfigurationPlatforms) = preSolution
		Debug|Any CPU = Debug|Any CPU
		Release|Any CPU = Release|Any CPU
	EndGlobalSection
	GlobalSection(ProjectConfigurationPlatforms) = postSolution
		{0B73A288-1C46-416B-8EC6-30155F2CEED6}.Debug|Any CPU.ActiveCfg = Debug|Any CPU
		{0B73A288-1C46-416B-8EC6-30155F2CEED6}.Debug|Any CPU.Build.0 = Debug|Any CPU
		{0B73A288-1C46-416B-8EC6-30155F2CEED6}.Release|Any CPU.ActiveCfg = Release|Any CPU
		{0B73A288-1C46-416B-8EC6-30155F2CEED6}.Release|Any CPU.Build.0 = Release|Any CPU
		{D8D6B3F1-C955-415D-B9D7-482D6319172B}.Debug|Any CPU.ActiveCfg = Debug|Any CPU
		{D8D6B3F1-C955-415D-B9D7-482D6319172B}.Debug|Any CPU.Build.0 = Debug|Any CPU
		{D8D6B3F1-C955-415D-B9D7-482D6319172B}.Release|Any CPU.ActiveCfg = Release|Any CPU
		{D8D6B3F1-C955-415D-B9D7-482D6319172B}.Release|Any CPU.Build.0 = Release|Any CPU
		{5557F86D-3621-41D8-BE59-478778DC0918}.Debug|Any CPU.ActiveCfg = Debug|Any CPU
		{5557F86D-3621-41D8-BE59-478778DC0918}.Debug|Any CPU.Build.0 = Debug|Any CPU
		{5557F86D-3621-41D8-BE59-478778DC0918}.Release|Any CPU.ActiveCfg = Release|Any CPU
		{5557F86D-3621-41D8-BE59-478778DC0918}.Release|Any CPU.Build.0 = Release|Any CPU
		{E3DA9C3F-E696-450C-A41A-454BE2FA1767}.Debug|Any CPU.ActiveCfg = Debug|Any CPU
		{E3DA9C3F-E696-450C-A41A-454BE2FA1767}.Debug|Any CPU.Build.0 = Debug|Any CPU
		{E3DA9C3F-E696-450C-A41A-454BE2FA1767}.Release|Any CPU.ActiveCfg = Release|Any CPU
		{E3DA9C3F-E696-450C-A41A-454BE2FA1767}.Release|Any CPU.Build.0 = Release|Any CPU
		{4A1F784C-B912-461B-9340-19925179EA71}.Debug|Any CPU.ActiveCfg = Debug|Any CPU
		{4A1F784C-B912-461B-9340-19925179EA71}.Debug|Any CPU.Build.0 = Debug|Any CPU
		{4A1F784C-B912-461B-9340-19925179EA71}.Release|Any CPU.ActiveCfg = Release|Any CPU
		{4A1F784C-B912-461B-9340-19925179EA71}.Release|Any CPU.Build.0 = Release|Any CPU
		{0597FBC1-BCB7-48FB-ACD7-DA7A1745112C}.Debug|Any CPU.ActiveCfg = Debug|Any CPU
		{0597FBC1-BCB7-48FB-ACD7-DA7A1745112C}.Debug|Any CPU.Build.0 = Debug|Any CPU
		{0597FBC1-BCB7-48FB-ACD7-DA7A1745112C}.Release|Any CPU.ActiveCfg = Release|Any CPU
		{0597FBC1-BCB7-48FB-ACD7-DA7A1745112C}.Release|Any CPU.Build.0 = Release|Any CPU
		{5FA56F44-B356-4124-8BC4-73DE49DEBC4B}.Debug|Any CPU.ActiveCfg = Debug|Any CPU
		{5FA56F44-B356-4124-8BC4-73DE49DEBC4B}.Debug|Any CPU.Build.0 = Debug|Any CPU
		{5FA56F44-B356-4124-8BC4-73DE49DEBC4B}.Release|Any CPU.ActiveCfg = Release|Any CPU
		{5FA56F44-B356-4124-8BC4-73DE49DEBC4B}.Release|Any CPU.Build.0 = Release|Any CPU
		{316E8747-CBF4-4A71-94C4-67398075238D}.Debug|Any CPU.ActiveCfg = Debug|Any CPU
		{316E8747-CBF4-4A71-94C4-67398075238D}.Debug|Any CPU.Build.0 = Debug|Any CPU
		{316E8747-CBF4-4A71-94C4-67398075238D}.Release|Any CPU.ActiveCfg = Release|Any CPU
		{316E8747-CBF4-4A71-94C4-67398075238D}.Release|Any CPU.Build.0 = Release|Any CPU
		{AA88646E-9B07-496F-9660-0DB687AF01D8}.Debug|Any CPU.ActiveCfg = Debug|Any CPU
		{AA88646E-9B07-496F-9660-0DB687AF01D8}.Debug|Any CPU.Build.0 = Debug|Any CPU
		{AA88646E-9B07-496F-9660-0DB687AF01D8}.Release|Any CPU.ActiveCfg = Release|Any CPU
		{AA88646E-9B07-496F-9660-0DB687AF01D8}.Release|Any CPU.Build.0 = Release|Any CPU
		{A4977D53-A0EA-4BAC-91B6-11B4DA7812AA}.Debug|Any CPU.ActiveCfg = Debug|Any CPU
		{A4977D53-A0EA-4BAC-91B6-11B4DA7812AA}.Debug|Any CPU.Build.0 = Debug|Any CPU
		{A4977D53-A0EA-4BAC-91B6-11B4DA7812AA}.Release|Any CPU.ActiveCfg = Release|Any CPU
		{A4977D53-A0EA-4BAC-91B6-11B4DA7812AA}.Release|Any CPU.Build.0 = Release|Any CPU
		{957C149D-48BD-41B4-B55A-B361E2CA323B}.Debug|Any CPU.ActiveCfg = Debug|Any CPU
		{957C149D-48BD-41B4-B55A-B361E2CA323B}.Debug|Any CPU.Build.0 = Debug|Any CPU
		{957C149D-48BD-41B4-B55A-B361E2CA323B}.Release|Any CPU.ActiveCfg = Release|Any CPU
		{957C149D-48BD-41B4-B55A-B361E2CA323B}.Release|Any CPU.Build.0 = Release|Any CPU
		{ACE18CC3-AB89-487F-8456-9C89682F583E}.Debug|Any CPU.ActiveCfg = Debug|Any CPU
		{ACE18CC3-AB89-487F-8456-9C89682F583E}.Debug|Any CPU.Build.0 = Debug|Any CPU
		{ACE18CC3-AB89-487F-8456-9C89682F583E}.Release|Any CPU.ActiveCfg = Release|Any CPU
		{ACE18CC3-AB89-487F-8456-9C89682F583E}.Release|Any CPU.Build.0 = Release|Any CPU
		{60561C3F-52D8-4AD0-ABA3-2945B6B18C1F}.Debug|Any CPU.ActiveCfg = Debug|Any CPU
		{60561C3F-52D8-4AD0-ABA3-2945B6B18C1F}.Debug|Any CPU.Build.0 = Debug|Any CPU
		{60561C3F-52D8-4AD0-ABA3-2945B6B18C1F}.Release|Any CPU.ActiveCfg = Release|Any CPU
		{60561C3F-52D8-4AD0-ABA3-2945B6B18C1F}.Release|Any CPU.Build.0 = Release|Any CPU
		{F992A0AB-532B-4AFC-8C7E-EFD9976FA778}.Debug|Any CPU.ActiveCfg = Debug|Any CPU
		{F992A0AB-532B-4AFC-8C7E-EFD9976FA778}.Debug|Any CPU.Build.0 = Debug|Any CPU
		{F992A0AB-532B-4AFC-8C7E-EFD9976FA778}.Release|Any CPU.ActiveCfg = Release|Any CPU
		{F992A0AB-532B-4AFC-8C7E-EFD9976FA778}.Release|Any CPU.Build.0 = Release|Any CPU
		{8C29D00E-45A6-4692-B3D5-E507325A7344}.Debug|Any CPU.ActiveCfg = Debug|Any CPU
		{8C29D00E-45A6-4692-B3D5-E507325A7344}.Debug|Any CPU.Build.0 = Debug|Any CPU
		{8C29D00E-45A6-4692-B3D5-E507325A7344}.Release|Any CPU.ActiveCfg = Release|Any CPU
		{8C29D00E-45A6-4692-B3D5-E507325A7344}.Release|Any CPU.Build.0 = Release|Any CPU
		{F0CB623F-D4B4-40E8-846A-51C799C69E97}.Debug|Any CPU.ActiveCfg = Debug|Any CPU
		{F0CB623F-D4B4-40E8-846A-51C799C69E97}.Debug|Any CPU.Build.0 = Debug|Any CPU
		{F0CB623F-D4B4-40E8-846A-51C799C69E97}.Release|Any CPU.ActiveCfg = Release|Any CPU
		{F0CB623F-D4B4-40E8-846A-51C799C69E97}.Release|Any CPU.Build.0 = Release|Any CPU
		{AF057072-8506-4C7E-8E40-1A6FEBC1C045}.Debug|Any CPU.ActiveCfg = Debug|Any CPU
		{AF057072-8506-4C7E-8E40-1A6FEBC1C045}.Debug|Any CPU.Build.0 = Debug|Any CPU
		{AF057072-8506-4C7E-8E40-1A6FEBC1C045}.Release|Any CPU.ActiveCfg = Release|Any CPU
		{AF057072-8506-4C7E-8E40-1A6FEBC1C045}.Release|Any CPU.Build.0 = Release|Any CPU
		{2C7D594F-D69B-4531-880F-CB1011A3C10D}.Debug|Any CPU.ActiveCfg = Debug|Any CPU
		{2C7D594F-D69B-4531-880F-CB1011A3C10D}.Debug|Any CPU.Build.0 = Debug|Any CPU
		{2C7D594F-D69B-4531-880F-CB1011A3C10D}.Release|Any CPU.ActiveCfg = Release|Any CPU
		{2C7D594F-D69B-4531-880F-CB1011A3C10D}.Release|Any CPU.Build.0 = Release|Any CPU
		{07A7C9EA-16F9-40C9-83BC-3776FDA413CA}.Debug|Any CPU.ActiveCfg = Debug|Any CPU
		{07A7C9EA-16F9-40C9-83BC-3776FDA413CA}.Debug|Any CPU.Build.0 = Debug|Any CPU
		{07A7C9EA-16F9-40C9-83BC-3776FDA413CA}.Release|Any CPU.ActiveCfg = Release|Any CPU
		{07A7C9EA-16F9-40C9-83BC-3776FDA413CA}.Release|Any CPU.Build.0 = Release|Any CPU
	EndGlobalSection
	GlobalSection(SolutionProperties) = preSolution
		HideSolutionNode = FALSE
	EndGlobalSection
	GlobalSection(NestedProjects) = preSolution
		{CC96F22A-8A7C-4990-9192-EDFA4DF6A03A} = {BCA7F7BC-68D1-4ED6-822B-C5B5A3948618}
		{0B73A288-1C46-416B-8EC6-30155F2CEED6} = {CC96F22A-8A7C-4990-9192-EDFA4DF6A03A}
		{18C7B0FF-752F-46D3-A8F7-2BDD445D4F7B} = {BCA7F7BC-68D1-4ED6-822B-C5B5A3948618}
		{D8D6B3F1-C955-415D-B9D7-482D6319172B} = {18C7B0FF-752F-46D3-A8F7-2BDD445D4F7B}
		{1342FEED-B490-4AF0-810E-9D172D860CF2} = {BCA7F7BC-68D1-4ED6-822B-C5B5A3948618}
		{5557F86D-3621-41D8-BE59-478778DC0918} = {1342FEED-B490-4AF0-810E-9D172D860CF2}
		{6BCD4EC9-44C3-4E7F-8F73-12DB633ECF01} = {CC96F22A-8A7C-4990-9192-EDFA4DF6A03A}
		{E3DA9C3F-E696-450C-A41A-454BE2FA1767} = {6BCD4EC9-44C3-4E7F-8F73-12DB633ECF01}
		{BB914780-EDE8-4946-A4A1-1FC278B2AA3C} = {CC96F22A-8A7C-4990-9192-EDFA4DF6A03A}
		{4A1F784C-B912-461B-9340-19925179EA71} = {BB914780-EDE8-4946-A4A1-1FC278B2AA3C}
		{A12CABA2-60FC-4F3F-8162-A61D8ACCE1B0} = {CC96F22A-8A7C-4990-9192-EDFA4DF6A03A}
		{0597FBC1-BCB7-48FB-ACD7-DA7A1745112C} = {A12CABA2-60FC-4F3F-8162-A61D8ACCE1B0}
		{F6ACF1B7-93BB-4CB1-B9E5-B97FF139738F} = {CC96F22A-8A7C-4990-9192-EDFA4DF6A03A}
		{5FA56F44-B356-4124-8BC4-73DE49DEBC4B} = {F6ACF1B7-93BB-4CB1-B9E5-B97FF139738F}
		{A5E8CDD1-F25F-4597-B872-97B2675CDF62} = {CC96F22A-8A7C-4990-9192-EDFA4DF6A03A}
		{316E8747-CBF4-4A71-94C4-67398075238D} = {A5E8CDD1-F25F-4597-B872-97B2675CDF62}
		{D2B58239-3056-49D2-B16B-C00010277069} = {CC96F22A-8A7C-4990-9192-EDFA4DF6A03A}
		{AA88646E-9B07-496F-9660-0DB687AF01D8} = {D2B58239-3056-49D2-B16B-C00010277069}
		{64A2B66F-FD68-4200-9E28-B4287CB800A6} = {18C7B0FF-752F-46D3-A8F7-2BDD445D4F7B}
		{A4977D53-A0EA-4BAC-91B6-11B4DA7812AA} = {64A2B66F-FD68-4200-9E28-B4287CB800A6}
		{6BF7F1F6-83AE-41BD-812E-4421DA8AAC24} = {18C7B0FF-752F-46D3-A8F7-2BDD445D4F7B}
		{957C149D-48BD-41B4-B55A-B361E2CA323B} = {6BF7F1F6-83AE-41BD-812E-4421DA8AAC24}
		{FAD23349-B1C2-41EE-BFD6-B83EA8D46BE1} = {18C7B0FF-752F-46D3-A8F7-2BDD445D4F7B}
		{ACE18CC3-AB89-487F-8456-9C89682F583E} = {FAD23349-B1C2-41EE-BFD6-B83EA8D46BE1}
		{579CE090-3EE3-4959-9ECB-F26BBB1CC530} = {18C7B0FF-752F-46D3-A8F7-2BDD445D4F7B}
		{60561C3F-52D8-4AD0-ABA3-2945B6B18C1F} = {579CE090-3EE3-4959-9ECB-F26BBB1CC530}
		{494823CF-EB2E-4F33-962D-8CCF7521F2C0} = {18C7B0FF-752F-46D3-A8F7-2BDD445D4F7B}
		{F992A0AB-532B-4AFC-8C7E-EFD9976FA778} = {494823CF-EB2E-4F33-962D-8CCF7521F2C0}
		{04DD3849-C1BA-4D01-BEE8-ACB993C612D8} = {1342FEED-B490-4AF0-810E-9D172D860CF2}
		{8C29D00E-45A6-4692-B3D5-E507325A7344} = {04DD3849-C1BA-4D01-BEE8-ACB993C612D8}
		{D76C2D37-1AA0-4C3D-996F-2D366FBB7691} = {1342FEED-B490-4AF0-810E-9D172D860CF2}
		{F0CB623F-D4B4-40E8-846A-51C799C69E97} = {D76C2D37-1AA0-4C3D-996F-2D366FBB7691}
		{63290FB4-1563-4086-937A-9686B1BCD7DA} = {1342FEED-B490-4AF0-810E-9D172D860CF2}
		{AF057072-8506-4C7E-8E40-1A6FEBC1C045} = {63290FB4-1563-4086-937A-9686B1BCD7DA}
		{05537943-E166-4973-B506-E7A71030B57C} = {1342FEED-B490-4AF0-810E-9D172D860CF2}
		{2C7D594F-D69B-4531-880F-CB1011A3C10D} = {05537943-E166-4973-B506-E7A71030B57C}
		{267F83B6-C9FB-4F79-9D96-16C33D458C4C} = {1342FEED-B490-4AF0-810E-9D172D860CF2}
		{07A7C9EA-16F9-40C9-83BC-3776FDA413CA} = {267F83B6-C9FB-4F79-9D96-16C33D458C4C}
	EndGlobalSection
	GlobalSection(ExtensibilityGlobals) = postSolution
		SolutionGuid = {A63CB4C1-F72E-45F3-9371-7D62EEC5236C}
	EndGlobalSection
EndGlobal
